<?xml version="1.0" encoding="utf-8"?>
<Project ToolsVersion="4.0" xmlns="http://schemas.microsoft.com/developer/msbuild/2003">
  <ItemGroup>
    <Filter Include="ソース ファイル">
      <UniqueIdentifier>{4FC737F1-C7A5-4376-A066-2A32D752A2FF}</UniqueIdentifier>
      <Extensions>cpp;c;cc;cxx;c++;cppm;ixx;def;odl;idl;hpj;bat;asm;asmx</Extensions>
    </Filter>
    <Filter Include="ソース ファイル\Shaders">
      <UniqueIdentifier>{e91f4354-9654-41fb-b892-e9afcc5c8867}</UniqueIdentifier>
    </Filter>
  </ItemGroup>
  <ItemGroup>
    <ClCompile Include="GraphicsTest.cpp">
      <Filter>ソース ファイル</Filter>
    </ClCompile>
  </ItemGroup>
  <ItemGroup>
    <FxCompile Include="Shaders\GrayScalePS.hlsl">
      <Filter>ソース ファイル\Shaders</Filter>
    </FxCompile>
    <FxCompile Include="Shaders\InverseSpritePS.hlsl">
      <Filter>ソース ファイル\Shaders</Filter>
    </FxCompile>
    <FxCompile Include="Shaders\GlitchSpritePS.hlsl">
      <Filter>ソース ファイル\Shaders</Filter>
    </FxCompile>
  </ItemGroup>
</Project>