<?xml version="1.0" encoding="utf-8"?>
<Project ToolsVersion="4.0" xmlns="http://schemas.microsoft.com/developer/msbuild/2003">
  <ItemGroup>
    <Filter Include="Src">
      <UniqueIdentifier>{44a1f25d-79dc-4d1d-8ce2-93b3c6f0cd6b}</UniqueIdentifier>
    </Filter>
    <Filter Include="Src\Math">
      <UniqueIdentifier>{f0ba6e22-4771-426c-802b-2da2d78aca68}</UniqueIdentifier>
    </Filter>
    <Filter Include="Src\Math\Vector">
      <UniqueIdentifier>{0cc6ffee-426f-4a7a-b9e3-9f6050ac2889}</UniqueIdentifier>
    </Filter>
    <Filter Include="Src\Math\Matrix">
      <UniqueIdentifier>{c0d5308d-8704-4730-af23-84d05d6a429e}</UniqueIdentifier>
    </Filter>
    <Filter Include="Src\Math\Quaternion">
      <UniqueIdentifier>{1a07a160-e566-4198-9b4a-ea9c72bce348}</UniqueIdentifier>
    </Filter>
    <Filter Include="Src\Component">
      <UniqueIdentifier>{ed6071d0-dc70-4f47-9f75-e4a1d5b95f0f}</UniqueIdentifier>
    </Filter>
    <Filter Include="Src\Graphics">
      <UniqueIdentifier>{ac980da8-65df-414c-92b8-cbd1499a075a}</UniqueIdentifier>
    </Filter>
    <Filter Include="Src\Shaders">
      <UniqueIdentifier>{089b40b5-9882-4b43-8472-da62484e9438}</UniqueIdentifier>
    </Filter>
    <Filter Include="Src\Graphics\DrawDebug">
      <UniqueIdentifier>{1eeeb39c-a5ef-4030-96ec-c6d5b0663633}</UniqueIdentifier>
    </Filter>
    <Filter Include="Src\Gfx">
      <UniqueIdentifier>{b1eee5cb-29ef-4f3d-b2cf-32bce221a04b}</UniqueIdentifier>
    </Filter>
    <Filter Include="Src\Exturnal">
      <UniqueIdentifier>{7053992d-81eb-4d55-ac45-51fdfba2310e}</UniqueIdentifier>
    </Filter>
  </ItemGroup>
  <ItemGroup>
    <ClInclude Include="Src\Math\MathConstant.h">
      <Filter>Src\Math</Filter>
    </ClInclude>
    <ClInclude Include="Src\Math\Vector\Vector2.h">
      <Filter>Src\Math\Vector</Filter>
    </ClInclude>
    <ClInclude Include="Src\Math\Vector\Vector2Int.h">
      <Filter>Src\Math\Vector</Filter>
    </ClInclude>
    <ClInclude Include="Src\Math\Vector\Vector3.h">
      <Filter>Src\Math\Vector</Filter>
    </ClInclude>
    <ClInclude Include="Src\Math\Vector\Vector3Int.h">
      <Filter>Src\Math\Vector</Filter>
    </ClInclude>
    <ClInclude Include="Src\Math\Vector\Vector4.h">
      <Filter>Src\Math\Vector</Filter>
    </ClInclude>
    <ClInclude Include="Src\Math\Matrix\Mat4x4.h">
      <Filter>Src\Math\Matrix</Filter>
    </ClInclude>
    <ClInclude Include="Src\Math\Quaternion\Quaternion.h">
      <Filter>Src\Math\Quaternion</Filter>
    </ClInclude>
    <ClInclude Include="Src\Math\TSMath.h">
      <Filter>Src\Math</Filter>
    </ClInclude>
    <ClInclude Include="Src\Graphics\GraphicsDevice.h">
      <Filter>Src\Graphics</Filter>
    </ClInclude>
    <ClInclude Include="Src\Graphics\GraphicsConstant.h">
      <Filter>Src\Graphics</Filter>
    </ClInclude>
    <ClInclude Include="Src\Component\Transform.h">
      <Filter>Src\Component</Filter>
    </ClInclude>
    <ClInclude Include="Src\Graphics\DescriptorManager.h">
      <Filter>Src\Graphics</Filter>
    </ClInclude>
    <ClInclude Include="Src\Graphics\GraphicsType.h">
      <Filter>Src\Graphics</Filter>
    </ClInclude>
    <ClInclude Include="Src\Graphics\ShaderSystem.h">
      <Filter>Src\Graphics</Filter>
    </ClInclude>
    <ClInclude Include="Src\Graphics\ResourceManager.h">
      <Filter>Src\Graphics</Filter>
    </ClInclude>
    <ClInclude Include="Src\Graphics\DrawDebug\DebugTriangle.h">
      <Filter>Src\Graphics\DrawDebug</Filter>
    </ClInclude>
    <ClInclude Include="Src\Gfx\Gfx.h">
      <Filter>Src\Gfx</Filter>
    </ClInclude>
    <ClInclude Include="Src\Gfx\Window.h">
      <Filter>Src\Gfx</Filter>
    </ClInclude>
    <ClInclude Include="Src\External\stb_image.h">
      <Filter>Src\Exturnal</Filter>
    </ClInclude>
  </ItemGroup>
  <ItemGroup>
    <ClCompile Include="Src\Math\Vector\Vector2.cpp">
      <Filter>Src\Math\Vector</Filter>
    </ClCompile>
    <ClCompile Include="Src\Math\Vector\Vector2Int.cpp">
      <Filter>Src\Math\Vector</Filter>
    </ClCompile>
    <ClCompile Include="Src\Math\Vector\Vector3.cpp">
      <Filter>Src\Math\Vector</Filter>
    </ClCompile>
    <ClCompile Include="Src\Math\Vector\Vector3Int.cpp">
      <Filter>Src\Math\Vector</Filter>
    </ClCompile>
    <ClCompile Include="Src\Math\Vector\Vector4.cpp">
      <Filter>Src\Math\Vector</Filter>
    </ClCompile>
    <ClCompile Include="Src\Math\Matrix\Mat4x4.cpp">
      <Filter>Src\Math\Matrix</Filter>
    </ClCompile>
    <ClCompile Include="Src\Math\Quaternion\Quaternion.cpp">
      <Filter>Src\Math\Quaternion</Filter>
    </ClCompile>
    <ClCompile Include="Src\Graphics\GraphicsDevice.cpp">
      <Filter>Src\Graphics</Filter>
    </ClCompile>
    <ClCompile Include="Src\Component\Transform.cpp">
      <Filter>Src\Component</Filter>
    </ClCompile>
    <ClCompile Include="Src\Graphics\DescriptorManager.cpp">
      <Filter>Src\Graphics</Filter>
    </ClCompile>
    <ClCompile Include="Src\Graphics\ShaderSystem.cpp">
      <Filter>Src\Graphics</Filter>
    </ClCompile>
    <ClCompile Include="Src\Graphics\ResourceManager.cpp">
      <Filter>Src\Graphics</Filter>
    </ClCompile>
    <ClCompile Include="Src\Graphics\DrawDebug\DebugTriangle.cpp">
      <Filter>Src\Graphics\DrawDebug</Filter>
    </ClCompile>
    <ClCompile Include="Src\Gfx\Window.cpp">
      <Filter>Src\Gfx</Filter>
    </ClCompile>
    <ClCompile Include="Src\Gfx\Gfx.cpp">
      <Filter>Src\Gfx</Filter>
    </ClCompile>
    <ClCompile Include="Src\External\StbImageEnable.cpp">
      <Filter>Src\Exturnal</Filter>
    </ClCompile>
  </ItemGroup>
  <ItemGroup>
    <FxCompile Include="Src\Shaders\TriangleVS.hlsl">
      <Filter>Src\Shaders</Filter>
    </FxCompile>
    <FxCompile Include="Src\Shaders\TrianglePS.hlsl">
      <Filter>Src\Shaders</Filter>
    </FxCompile>
    <FxCompile Include="Src\External\TextureVS.hlsl">
      <Filter>Src\Shaders</Filter>
    </FxCompile>
    <FxCompile Include="Src\External\TexturePS.hlsl">
      <Filter>Src\Shaders</Filter>
    </FxCompile>
  </ItemGroup>
</Project>